Microsoft Visual Studio Solution File, Format Version 12.00
# Visual Studio Version 17
VisualStudioVersion = 17.0.31903.59
MinimumVisualStudioVersion = 10.0.40219.1
Project("{FAE04EC0-301F-11D3-BF4B-00C04F79EFBC}") = "BAS.Server", "BAS.Server\BAS.Server.csproj", "{DE294542-63CA-487B-A514-C61E39FB675B}"
EndProject
Project("{FAE04EC0-301F-11D3-BF4B-00C04F79EFBC}") = "BAS.Agent", "BAS.Agent\BAS.Agent.csproj", "{7BA739FE-9FFE-40D8-B759-A744FE45EEFC}"
EndProject
Global
	GlobalSection(SolutionConfigurationPlatforms) = preSolution
		Debug|Any CPU = Debug|Any CPU
		Release|Any CPU = Release|Any CPU
	EndGlobalSection
	GlobalSection(ProjectConfigurationPlatforms) = postSolution
		{DE294542-63CA-487B-A514-C61E39FB675B}.Debug|Any CPU.ActiveCfg = Debug|Any CPU
		{DE294542-63CA-487B-A514-C61E39FB675B}.Debug|Any CPU.Build.0 = Debug|Any CPU
		{DE294542-63CA-487B-A514-C61E39FB675B}.Release|Any CPU.ActiveCfg = Release|Any CPU
		{DE294542-63CA-487B-A514-C61E39FB675B}.Release|Any CPU.Build.0 = Release|Any CPU
		{7BA739FE-9FFE-40D8-B759-A744FE45EEFC}.Debug|Any CPU.ActiveCfg = Debug|Any CPU
		{7BA739FE-9FFE-40D8-B759-A744FE45EEFC}.Debug|Any CPU.Build.0 = Debug|Any CPU
		{7BA739FE-9FFE-40D8-B759-A744FE45EEFC}.Release|Any CPU.ActiveCfg = Release|Any CPU
		{7BA739FE-9FFE-40D8-B759-A744FE45EEFC}.Release|Any CPU.Build.0 = Release|Any CPU
	EndGlobalSection
EndGlobal